// !$*UTF8*$!
{
	archiveVersion = 1;
	classes = {
	};
	objectVersion = 46;
	objects = {

/* Begin PBXBuildFile section */
		C03A41DB13F9939000A2B27D /* UIKit.framework in Frameworks */ = {isa = PBXBuildFile; fileRef = C03A41DA13F9939000A2B27D /* UIKit.framework */; };
		C03A41DD13F9939000A2B27D /* Foundation.framework in Frameworks */ = {isa = PBXBuildFile; fileRef = C03A41DC13F9939000A2B27D /* Foundation.framework */; };
		C03A41DF13F9939000A2B27D /* CoreGraphics.framework in Frameworks */ = {isa = PBXBuildFile; fileRef = C03A41DE13F9939000A2B27D /* CoreGraphics.framework */; };
		C03A41E513F9939000A2B27D /* InfoPlist.strings in Resources */ = {isa = PBXBuildFile; fileRef = C03A41E313F9939000A2B27D /* InfoPlist.strings */; };
		C03A41E713F9939000A2B27D /* main.m in Sources */ = {isa = PBXBuildFile; fileRef = C03A41E613F9939000A2B27D /* main.m */; };
		C03A41EB13F9939000A2B27D /* Button_FunAppDelegate.m in Sources */ = {isa = PBXBuildFile; fileRef = C03A41EA13F9939000A2B27D /* Button_FunAppDelegate.m */; };
		C03A41EE13F9939000A2B27D /* MainWindow.xib in Resources */ = {isa = PBXBuildFile; fileRef = C03A41EC13F9939000A2B27D /* MainWindow.xib */; };
		C03A41F113F9939000A2B27D /* Button_FunViewController.m in Sources */ = {isa = PBXBuildFile; fileRef = C03A41F013F9939000A2B27D /* Button_FunViewController.m */; };
		C03A41F413F9939000A2B27D /* Button_FunViewController.xib in Resources */ = {isa = PBXBuildFile; fileRef = C03A41F213F9939000A2B27D /* Button_FunViewController.xib */; };
		C03A41FC13F9939000A2B27D /* SenTestingKit.framework in Frameworks */ = {isa = PBXBuildFile; fileRef = C03A41FB13F9939000A2B27D /* SenTestingKit.framework */; };
		C03A41FD13F9939000A2B27D /* UIKit.framework in Frameworks */ = {isa = PBXBuildFile; fileRef = C03A41DA13F9939000A2B27D /* UIKit.framework */; };
		C03A41FE13F9939000A2B27D /* Foundation.framework in Frameworks */ = {isa = PBXBuildFile; fileRef = C03A41DC13F9939000A2B27D /* Foundation.framework */; };
		C03A41FF13F9939000A2B27D /* CoreGraphics.framework in Frameworks */ = {isa = PBXBuildFile; fileRef = C03A41DE13F9939000A2B27D /* CoreGraphics.framework */; };
		C03A420713F9939000A2B27D /* InfoPlist.strings in Resources */ = {isa = PBXBuildFile; fileRef = C03A420513F9939000A2B27D /* InfoPlist.strings */; };
		C03A420913F9939000A2B27D /* Button_FunTests.h in Resources */ = {isa = PBXBuildFile; fileRef = C03A420813F9939000A2B27D /* Button_FunTests.h */; };
		C03A420B13F9939000A2B27D /* Button_FunTests.m in Sources */ = {isa = PBXBuildFile; fileRef = C03A420A13F9939000A2B27D /* Button_FunTests.m */; };
		C03A425213F9959B00A2B27D /* icon.png in Resources */ = {isa = PBXBuildFile; fileRef = C03A425113F9959B00A2B27D /* icon.png */; };
/* End PBXBuildFile section */

/* Begin PBXContainerItemProxy section */
		C03A420013F9939000A2B27D /* PBXContainerItemProxy */ = {
			isa = PBXContainerItemProxy;
			containerPortal = C03A41CD13F9939000A2B27D /* Project object */;
			proxyType = 1;
			remoteGlobalIDString = C03A41D513F9939000A2B27D;
			remoteInfo = "Button Fun";
		};
/* End PBXContainerItemProxy section */

/* Begin PBXFileReference section */
		C03A41D613F9939000A2B27D /* Button Fun.app */ = {isa = PBXFileReference; explicitFileType = wrapper.application; includeInIndex = 0; path = "Button Fun.app"; sourceTree = BUILT_PRODUCTS_DIR; };
		C03A41DA13F9939000A2B27D /* UIKit.framework */ = {isa = PBXFileReference; lastKnownFileType = wrapper.framework; name = UIKit.framework; path = System/Library/Frameworks/UIKit.framework; sourceTree = SDKROOT; };
		C03A41DC13F9939000A2B27D /* Foundation.framework */ = {isa = PBXFileReference; lastKnownFileType = wrapper.framework; name = Foundation.framework; path = System/Library/Frameworks/Foundation.framework; sourceTree = SDKROOT; };
		C03A41DE13F9939000A2B27D /* CoreGraphics.framework */ = {isa = PBXFileReference; lastKnownFileType = wrapper.framework; name = CoreGraphics.framework; path = System/Library/Frameworks/CoreGraphics.framework; sourceTree = SDKROOT; };
		C03A41E213F9939000A2B27D /* Button Fun-Info.plist */ = {isa = PBXFileReference; lastKnownFileType = text.plist.xml; path = "Button Fun-Info.plist"; sourceTree = "<group>"; };
		C03A41E413F9939000A2B27D /* en */ = {isa = PBXFileReference; lastKnownFileType = text.plist.strings; name = en; path = en.lproj/InfoPlist.strings; sourceTree = "<group>"; };
		C03A41E613F9939000A2B27D /* main.m */ = {isa = PBXFileReference; lastKnownFileType = sourcecode.c.objc; path = main.m; sourceTree = "<group>"; };
		C03A41E813F9939000A2B27D /* Button Fun-Prefix.pch */ = {isa = PBXFileReference; lastKnownFileType = sourcecode.c.h; path = "Button Fun-Prefix.pch"; sourceTree = "<group>"; };
		C03A41E913F9939000A2B27D /* Button_FunAppDelegate.h */ = {isa = PBXFileReference; lastKnownFileType = sourcecode.c.h; path = Button_FunAppDelegate.h; sourceTree = "<group>"; };
		C03A41EA13F9939000A2B27D /* Button_FunAppDelegate.m */ = {isa = PBXFileReference; lastKnownFileType = sourcecode.c.objc; path = Button_FunAppDelegate.m; sourceTree = "<group>"; };
		C03A41ED13F9939000A2B27D /* en */ = {isa = PBXFileReference; lastKnownFileType = file.xib; name = en; path = en.lproj/MainWindow.xib; sourceTree = "<group>"; };
		C03A41EF13F9939000A2B27D /* Button_FunViewController.h */ = {isa = PBXFileReference; lastKnownFileType = sourcecode.c.h; path = Button_FunViewController.h; sourceTree = "<group>"; };
		C03A41F013F9939000A2B27D /* Button_FunViewController.m */ = {isa = PBXFileReference; lastKnownFileType = sourcecode.c.objc; path = Button_FunViewController.m; sourceTree = "<group>"; };
		C03A41F313F9939000A2B27D /* en */ = {isa = PBXFileReference; lastKnownFileType = file.xib; name = en; path = en.lproj/Button_FunViewController.xib; sourceTree = "<group>"; };
		C03A41FA13F9939000A2B27D /* Button FunTests.octest */ = {isa = PBXFileReference; explicitFileType = wrapper.cfbundle; includeInIndex = 0; path = "Button FunTests.octest"; sourceTree = BUILT_PRODUCTS_DIR; };
		C03A41FB13F9939000A2B27D /* SenTestingKit.framework */ = {isa = PBXFileReference; lastKnownFileType = wrapper.framework; name = SenTestingKit.framework; path = Library/Frameworks/SenTestingKit.framework; sourceTree = DEVELOPER_DIR; };
		C03A420413F9939000A2B27D /* Button FunTests-Info.plist */ = {isa = PBXFileReference; lastKnownFileType = text.plist.xml; path = "Button FunTests-Info.plist"; sourceTree = "<group>"; };
		C03A420613F9939000A2B27D /* en */ = {isa = PBXFileReference; lastKnownFileType = text.plist.strings; name = en; path = en.lproj/InfoPlist.strings; sourceTree = "<group>"; };
		C03A420813F9939000A2B27D /* Button_FunTests.h */ = {isa = PBXFileReference; lastKnownFileType = sourcecode.c.h; path = Button_FunTests.h; sourceTree = "<group>"; };
		C03A420A13F9939000A2B27D /* Button_FunTests.m */ = {isa = PBXFileReference; lastKnownFileType = sourcecode.c.objc; path = Button_FunTests.m; sourceTree = "<group>"; };
		C03A425113F9959B00A2B27D /* icon.png */ = {isa = PBXFileReference; lastKnownFileType = image.png; path = icon.png; sourceTree = "<group>"; };
/* End PBXFileReference section */

/* Begin PBXFrameworksBuildPhase section */
		C03A41D313F9939000A2B27D /* Frameworks */ = {
			isa = PBXFrameworksBuildPhase;
			buildActionMask = 2147483647;
			files = (
				C03A41DB13F9939000A2B27D /* UIKit.framework in Frameworks */,
				C03A41DD13F9939000A2B27D /* Foundation.framework in Frameworks */,
				C03A41DF13F9939000A2B27D /* CoreGraphics.framework in Frameworks */,
			);
			runOnlyForDeploymentPostprocessing = 0;
		};
		C03A41F613F9939000A2B27D /* Frameworks */ = {
			isa = PBXFrameworksBuildPhase;
			buildActionMask = 2147483647;
			files = (
				C03A41FC13F9939000A2B27D /* SenTestingKit.framework in Frameworks */,
				C03A41FD13F9939000A2B27D /* UIKit.framework in Frameworks */,
				C03A41FE13F9939000A2B27D /* Foundation.framework in Frameworks */,
				C03A41FF13F9939000A2B27D /* CoreGraphics.framework in Frameworks */,
			);
			runOnlyForDeploymentPostprocessing = 0;
		};
/* End PBXFrameworksBuildPhase section */

/* Begin PBXGroup section */
		C03A41CB13F9939000A2B27D = {
			isa = PBXGroup;
			children = (
				C03A41E013F9939000A2B27D /* Button Fun */,
				C03A420213F9939000A2B27D /* Button FunTests */,
				C03A41D913F9939000A2B27D /* Frameworks */,
				C03A41D713F9939000A2B27D /* Products */,
			);
			sourceTree = "<group>";
		};
		C03A41D713F9939000A2B27D /* Products */ = {
			isa = PBXGroup;
			children = (
				C03A41D613F9939000A2B27D /* Button Fun.app */,
				C03A41FA13F9939000A2B27D /* Button FunTests.octest */,
			);
			name = Products;
			sourceTree = "<group>";
		};
		C03A41D913F9939000A2B27D /* Frameworks */ = {
			isa = PBXGroup;
			children = (
				C03A41DA13F9939000A2B27D /* UIKit.framework */,
				C03A41DC13F9939000A2B27D /* Foundation.framework */,
				C03A41DE13F9939000A2B27D /* CoreGraphics.framework */,
				C03A41FB13F9939000A2B27D /* SenTestingKit.framework */,
			);
			name = Frameworks;
			sourceTree = "<group>";
		};
		C03A41E013F9939000A2B27D /* Button Fun */ = {
			isa = PBXGroup;
			children = (
				C03A41E913F9939000A2B27D /* Button_FunAppDelegate.h */,
				C03A41EA13F9939000A2B27D /* Button_FunAppDelegate.m */,
				C03A41EC13F9939000A2B27D /* MainWindow.xib */,
				C03A41EF13F9939000A2B27D /* Button_FunViewController.h */,
				C03A41F013F9939000A2B27D /* Button_FunViewController.m */,
				C03A41F213F9939000A2B27D /* Button_FunViewController.xib */,
				C03A41E113F9939000A2B27D /* Supporting Files */,
			);
			path = "Button Fun";
			sourceTree = "<group>";
		};
		C03A41E113F9939000A2B27D /* Supporting Files */ = {
			isa = PBXGroup;
			children = (
				C03A421513F9945600A2B27D /* Asset */,
				C03A41E213F9939000A2B27D /* Button Fun-Info.plist */,
				C03A41E313F9939000A2B27D /* InfoPlist.strings */,
				C03A41E613F9939000A2B27D /* main.m */,
				C03A41E813F9939000A2B27D /* Button Fun-Prefix.pch */,
			);
			name = "Supporting Files";
			sourceTree = "<group>";
		};
		C03A420213F9939000A2B27D /* Button FunTests */ = {
			isa = PBXGroup;
			children = (
				C03A420813F9939000A2B27D /* Button_FunTests.h */,
				C03A420A13F9939000A2B27D /* Button_FunTests.m */,
				C03A420313F9939000A2B27D /* Supporting Files */,
			);
			path = "Button FunTests";
			sourceTree = "<group>";
		};
		C03A420313F9939000A2B27D /* Supporting Files */ = {
			isa = PBXGroup;
			children = (
				C03A420413F9939000A2B27D /* Button FunTests-Info.plist */,
				C03A420513F9939000A2B27D /* InfoPlist.strings */,
			);
			name = "Supporting Files";
			sourceTree = "<group>";
		};
		C03A421513F9945600A2B27D /* Asset */ = {
			isa = PBXGroup;
			children = (
				C03A425113F9959B00A2B27D /* icon.png */,
			);
			name = Asset;
			sourceTree = "<group>";
		};
/* End PBXGroup section */

/* Begin PBXNativeTarget section */
		C03A41D513F9939000A2B27D /* Button Fun */ = {
			isa = PBXNativeTarget;
			buildConfigurationList = C03A420E13F9939000A2B27D /* Build configuration list for PBXNativeTarget "Button Fun" */;
			buildPhases = (
				C03A41D213F9939000A2B27D /* Sources */,
				C03A41D313F9939000A2B27D /* Frameworks */,
				C03A41D413F9939000A2B27D /* Resources */,
			);
			buildRules = (
			);
			dependencies = (
			);
			name = "Button Fun";
			productName = "Button Fun";
			productReference = C03A41D613F9939000A2B27D /* Button Fun.app */;
			productType = "com.apple.product-type.application";
		};
		C03A41F913F9939000A2B27D /* Button FunTests */ = {
			isa = PBXNativeTarget;
			buildConfigurationList = C03A421113F9939000A2B27D /* Build configuration list for PBXNativeTarget "Button FunTests" */;
			buildPhases = (
				C03A41F513F9939000A2B27D /* Sources */,
				C03A41F613F9939000A2B27D /* Frameworks */,
				C03A41F713F9939000A2B27D /* Resources */,
				C03A41F813F9939000A2B27D /* ShellScript */,
			);
			buildRules = (
			);
			dependencies = (
				C03A420113F9939000A2B27D /* PBXTargetDependency */,
			);
			name = "Button FunTests";
			productName = "Button FunTests";
			productReference = C03A41FA13F9939000A2B27D /* Button FunTests.octest */;
			productType = "com.apple.product-type.bundle";
		};
/* End PBXNativeTarget section */

/* Begin PBXProject section */
		C03A41CD13F9939000A2B27D /* Project object */ = {
			isa = PBXProject;
			attributes = {
				ORGANIZATIONNAME = "Concrete Solutions";
			};
			buildConfigurationList = C03A41D013F9939000A2B27D /* Build configuration list for PBXProject "Button Fun" */;
			compatibilityVersion = "Xcode 3.2";
			developmentRegion = English;
			hasScannedForEncodings = 0;
			knownRegions = (
				en,
			);
			mainGroup = C03A41CB13F9939000A2B27D;
			productRefGroup = C03A41D713F9939000A2B27D /* Products */;
			projectDirPath = "";
			projectRoot = "";
			targets = (
				C03A41D513F9939000A2B27D /* Button Fun */,
				C03A41F913F9939000A2B27D /* Button FunTests */,
			);
		};
/* End PBXProject section */

/* Begin PBXResourcesBuildPhase section */
		C03A41D413F9939000A2B27D /* Resources */ = {
			isa = PBXResourcesBuildPhase;
			buildActionMask = 2147483647;
			files = (
				C03A41E513F9939000A2B27D /* InfoPlist.strings in Resources */,
				C03A41EE13F9939000A2B27D /* MainWindow.xib in Resources */,
				C03A41F413F9939000A2B27D /* Button_FunViewController.xib in Resources */,
				C03A425213F9959B00A2B27D /* icon.png in Resources */,
			);
			runOnlyForDeploymentPostprocessing = 0;
		};
		C03A41F713F9939000A2B27D /* Resources */ = {
			isa = PBXResourcesBuildPhase;
			buildActionMask = 2147483647;
			files = (
				C03A420713F9939000A2B27D /* InfoPlist.strings in Resources */,
				C03A420913F9939000A2B27D /* Button_FunTests.h in Resources */,
			);
			runOnlyForDeploymentPostprocessing = 0;
		};
/* End PBXResourcesBuildPhase section */

/* Begin PBXShellScriptBuildPhase section */
		C03A41F813F9939000A2B27D /* ShellScript */ = {
			isa = PBXShellScriptBuildPhase;
			buildActionMask = 2147483647;
			files = (
			);
			inputPaths = (
			);
			outputPaths = (
			);
			runOnlyForDeploymentPostprocessing = 0;
			shellPath = /bin/sh;
			shellScript = "# Run the unit tests in this test bundle.\n\"${SYSTEM_DEVELOPER_DIR}/Tools/RunUnitTests\"\n";
		};
/* End PBXShellScriptBuildPhase section */

/* Begin PBXSourcesBuildPhase section */
		C03A41D213F9939000A2B27D /* Sources */ = {
			isa = PBXSourcesBuildPhase;
			buildActionMask = 2147483647;
			files = (
				C03A41E713F9939000A2B27D /* main.m in Sources */,
				C03A41EB13F9939000A2B27D /* Button_FunAppDelegate.m in Sources */,
				C03A41F113F9939000A2B27D /* Button_FunViewController.m in Sources */,
			);
			runOnlyForDeploymentPostprocessing = 0;
		};
		C03A41F513F9939000A2B27D /* Sources */ = {
			isa = PBXSourcesBuildPhase;
			buildActionMask = 2147483647;
			files = (
				C03A420B13F9939000A2B27D /* Button_FunTests.m in Sources */,
			);
			runOnlyForDeploymentPostprocessing = 0;
		};
/* End PBXSourcesBuildPhase section */

/* Begin PBXTargetDependency section */
		C03A420113F9939000A2B27D /* PBXTargetDependency */ = {
			isa = PBXTargetDependency;
			target = C03A41D513F9939000A2B27D /* Button Fun */;
			targetProxy = C03A420013F9939000A2B27D /* PBXContainerItemProxy */;
		};
/* End PBXTargetDependency section */

/* Begin PBXVariantGroup section */
		C03A41E313F9939000A2B27D /* InfoPlist.strings */ = {
			isa = PBXVariantGroup;
			children = (
				C03A41E413F9939000A2B27D /* en */,
			);
			name = InfoPlist.strings;
			sourceTree = "<group>";
		};
		C03A41EC13F9939000A2B27D /* MainWindow.xib */ = {
			isa = PBXVariantGroup;
			children = (
				C03A41ED13F9939000A2B27D /* en */,
			);
			name = MainWindow.xib;
			sourceTree = "<group>";
		};
		C03A41F213F9939000A2B27D /* Button_FunViewController.xib */ = {
			isa = PBXVariantGroup;
			children = (
				C03A41F313F9939000A2B27D /* en */,
			);
			name = Button_FunViewController.xib;
			sourceTree = "<group>";
		};
		C03A420513F9939000A2B27D /* InfoPlist.strings */ = {
			isa = PBXVariantGroup;
			children = (
				C03A420613F9939000A2B27D /* en */,
			);
			name = InfoPlist.strings;
			sourceTree = "<group>";
		};
/* End PBXVariantGroup section */

/* Begin XCBuildConfiguration section */
		C03A420C13F9939000A2B27D /* Debug */ = {
			isa = XCBuildConfiguration;
			buildSettings = {
				ALWAYS_SEARCH_USER_PATHS = NO;
				ARCHS = "$(ARCHS_STANDARD_32_BIT)";
				"CODE_SIGN_IDENTITY[sdk=iphoneos*]" = "iPhone Developer";
				COPY_PHASE_STRIP = NO;
				GCC_C_LANGUAGE_STANDARD = gnu99;
				GCC_DYNAMIC_NO_PIC = NO;
				GCC_OPTIMIZATION_LEVEL = 0;
				GCC_PREPROCESSOR_DEFINITIONS = (
					"DEBUG=1",
					"$(inherited)",
				);
				GCC_SYMBOLS_PRIVATE_EXTERN = NO;
				GCC_VERSION = com.apple.compilers.llvmgcc42;
				GCC_WARN_ABOUT_MISSING_PROTOTYPES = YES;
				GCC_WARN_ABOUT_RETURN_TYPE = YES;
				GCC_WARN_UNUSED_VARIABLE = YES;
				IPHONEOS_DEPLOYMENT_TARGET = 4.3;
				SDKROOT = iphoneos;
			};
			name = Debug;
		};
		C03A420D13F9939000A2B27D /* Release */ = {
			isa = XCBuildConfiguration;
			buildSettings = {
				ALWAYS_SEARCH_USER_PATHS = NO;
				ARCHS = "$(ARCHS_STANDARD_32_BIT)";
				"CODE_SIGN_IDENTITY[sdk=iphoneos*]" = "iPhone Developer";
				COPY_PHASE_STRIP = YES;
				GCC_C_LANGUAGE_STANDARD = gnu99;
				GCC_VERSION = com.apple.compilers.llvmgcc42;
				GCC_WARN_ABOUT_MISSING_PROTOTYPES = YES;
				GCC_WARN_ABOUT_RETURN_TYPE = YES;
				GCC_WARN_UNUSED_VARIABLE = YES;
				IPHONEOS_DEPLOYMENT_TARGET = 4.3;
				OTHER_CFLAGS = "-DNS_BLOCK_ASSERTIONS=1";
				SDKROOT = iphoneos;
				VALIDATE_PRODUCT = YES;
			};
			name = Release;
		};
		C03A420F13F9939000A2B27D /* Debug */ = {
			isa = XCBuildConfiguration;
			buildSettings = {
				GCC_PRECOMPILE_PREFIX_HEADER = YES;
				GCC_PREFIX_HEADER = "Button Fun/Button Fun-Prefix.pch";
				INFOPLIST_FILE = "Button Fun/Button Fun-Info.plist";
				PRODUCT_NAME = "$(TARGET_NAME)";
				WRAPPER_EXTENSION = app;
			};
			name = Debug;
		};
		C03A421013F9939000A2B27D /* Release */ = {
			isa = XCBuildConfiguration;
			buildSettings = {
				GCC_PRECOMPILE_PREFIX_HEADER = YES;
				GCC_PREFIX_HEADER = "Button Fun/Button Fun-Prefix.pch";
				INFOPLIST_FILE = "Button Fun/Button Fun-Info.plist";
				PRODUCT_NAME = "$(TARGET_NAME)";
				WRAPPER_EXTENSION = app;
			};
			name = Release;
		};
		C03A421213F9939000A2B27D /* Debug */ = {
			isa = XCBuildConfiguration;
			buildSettings = {
				BUNDLE_LOADER = "$(BUILT_PRODUCTS_DIR)/Button Fun.app/Button Fun";
				FRAMEWORK_SEARCH_PATHS = (
					"$(SDKROOT)/Developer/Library/Frameworks",
					"$(DEVELOPER_LIBRARY_DIR)/Frameworks",
				);
				GCC_PRECOMPILE_PREFIX_HEADER = YES;
				GCC_PREFIX_HEADER = "Button Fun/Button Fun-Prefix.pch";
				INFOPLIST_FILE = "Button FunTests/Button FunTests-Info.plist";
				PRODUCT_NAME = "$(TARGET_NAME)";
				TEST_HOST = "$(BUNDLE_LOADER)";
				WRAPPER_EXTENSION = octest;
			};
			name = Debug;
		};
		C03A421313F9939000A2B27D /* Release */ = {
			isa = XCBuildConfiguration;
			buildSettings = {
				BUNDLE_LOADER = "$(BUILT_PRODUCTS_DIR)/Button Fun.app/Button Fun";
				FRAMEWORK_SEARCH_PATHS = (
					"$(SDKROOT)/Developer/Library/Frameworks",
					"$(DEVELOPER_LIBRARY_DIR)/Frameworks",
				);
				GCC_PRECOMPILE_PREFIX_HEADER = YES;
				GCC_PREFIX_HEADER = "Button Fun/Button Fun-Prefix.pch";
				INFOPLIST_FILE = "Button FunTests/Button FunTests-Info.plist";
				PRODUCT_NAME = "$(TARGET_NAME)";
				TEST_HOST = "$(BUNDLE_LOADER)";
				WRAPPER_EXTENSION = octest;
			};
			name = Release;
		};
/* End XCBuildConfiguration section */

/* Begin XCConfigurationList section */
		C03A41D013F9939000A2B27D /* Build configuration list for PBXProject "Button Fun" */ = {
			isa = XCConfigurationList;
			buildConfigurations = (
				C03A420C13F9939000A2B27D /* Debug */,
				C03A420D13F9939000A2B27D /* Release */,
			);
			defaultConfigurationIsVisible = 0;
			defaultConfigurationName = Release;
		};
		C03A420E13F9939000A2B27D /* Build configuration list for PBXNativeTarget "Button Fun" */ = {
			isa = XCConfigurationList;
			buildConfigurations = (
				C03A420F13F9939000A2B27D /* Debug */,
				C03A421013F9939000A2B27D /* Release */,
			);
			defaultConfigurationIsVisible = 0;
		};
		C03A421113F9939000A2B27D /* Build configuration list for PBXNativeTarget "Button FunTests" */ = {
			isa = XCConfigurationList;
			buildConfigurations = (
				C03A421213F9939000A2B27D /* Debug */,
				C03A421313F9939000A2B27D /* Release */,
			);
			defaultConfigurationIsVisible = 0;
		};
/* End XCConfigurationList section */
	};
	rootObject = C03A41CD13F9939000A2B27D /* Project object */;
}
